PODS:
  - Flutter (1.0.0)
  - flutter_native_player (1.0.0):
    - Flutter

DEPENDENCIES:
  - Flutter (from `Flutter`)
  - flutter_native_player (from `.symlinks/plugins/flutter_native_player/ios`)

EXTERNAL SOURCES:
  Flutter:
    :path: Flutter
  flutter_native_player:
    :path: ".symlinks/plugins/flutter_native_player/ios"

SPEC CHECKSUMS:
  Flutter: cabc95a1d2626b1b06e7179b784ebcf0c0cde467
  flutter_native_player: 087cec771cbd93e93f08c65b3d5f95211fc5c24d

PODFILE CHECKSUM: 0dbd5a87e0ace00c9610d2037ac22083a01f861d

COCOAPODS: 1.16.2
